
Microsoft Visual Studio Solution File, Format Version 12.00
# Visual Studio 15
VisualStudioVersion = 15.0.28307.136
MinimumVisualStudioVersion = 10.0.40219.1
Project("{2150E333-8FDC-42A3-9474-1A3956D46DE8}") = "src", "src", "{D6766472-6D0B-447B-8A78-64B5CE1350B3}"
EndProject
Project("{2150E333-8FDC-42A3-9474-1A3956D46DE8}") = "Services", "Services", "{C417A712-EF35-4AB2-9BD0-529669AFD42C}"
EndProject
Project("{2150E333-8FDC-42A3-9474-1A3956D46DE8}") = "Web", "Web", "{18FE4404-7F35-4487-88FB-E73CF32C24CC}"
EndProject
Project("{2150E333-8FDC-42A3-9474-1A3956D46DE8}") = "Tests", "Tests", "{6DE27C94-3869-42E4-94AB-F28843CD1BFF}"
EndProject
Project("{2150E333-8FDC-42A3-9474-1A3956D46DE8}") = "Solution Items", "Solution Items", "{E0A42651-BF4D-40D0-921A-466CEFD8B700}"
EndProject
Global
	GlobalSection(SolutionProperties) = preSolution
		HideSolutionNode = FALSE
	EndGlobalSection
	GlobalSection(NestedProjects) = preSolution
		{C417A712-EF35-4AB2-9BD0-529669AFD42C} = {D6766472-6D0B-447B-8A78-64B5CE1350B3}
		{18FE4404-7F35-4487-88FB-E73CF32C24CC} = {D6766472-6D0B-447B-8A78-64B5CE1350B3}
		{6DE27C94-3869-42E4-94AB-F28843CD1BFF} = {D6766472-6D0B-447B-8A78-64B5CE1350B3}
	EndGlobalSection
	GlobalSection(ExtensibilityGlobals) = postSolution
		SolutionGuid = {29B2A5B4-FBB2-4D6C-A989-B4DF68E34FBF}
	EndGlobalSection
EndGlobal
